// !$*UTF8*$!
{
	archiveVersion = 1;
	classes = {
	};
	objectVersion = 46;
	objects = {

/* Begin PBXBuildFile section */
		68E8ECE1F2CAC9994651E27C /* Pods_WeshAdminGQLUITests.framework in Frameworks */ = {isa = PBXBuildFile; fileRef = C72F5F503D28B8E67867B098 /* Pods_WeshAdminGQLUITests.framework */; };
		8D863A3429C0ADE4C9DB8599 /* Pods_WeshAdminGQLTests.framework in Frameworks */ = {isa = PBXBuildFile; fileRef = D3B4B30B219A51B9EB7EC451 /* Pods_WeshAdminGQLTests.framework */; };
		C41777ED1F24A8B600CAA599 /* API.swift in Sources */ = {isa = PBXBuildFile; fileRef = C41777EC1F24A8B600CAA599 /* API.swift */; };
		C41777EF1F24A8BD00CAA599 /* schema.json in Resources */ = {isa = PBXBuildFile; fileRef = C41777EE1F24A8BD00CAA599 /* schema.json */; };
		C41777F11F24A8E400CAA599 /* OrderListViewController.graphql in Resources */ = {isa = PBXBuildFile; fileRef = C41777F01F24A8E400CAA599 /* OrderListViewController.graphql */; };
		C41777F51F24AC0F00CAA599 /* WelcomeScreen.storyboard in Resources */ = {isa = PBXBuildFile; fileRef = C41777F41F24AC0F00CAA599 /* WelcomeScreen.storyboard */; };
		C41777F91F24ACCC00CAA599 /* WelcomeScreenViewController.swift in Sources */ = {isa = PBXBuildFile; fileRef = C41777F81F24ACCC00CAA599 /* WelcomeScreenViewController.swift */; };
		C470D0F51F24AE78008ADE30 /* OrderList.storyboard in Resources */ = {isa = PBXBuildFile; fileRef = C470D0F41F24AE78008ADE30 /* OrderList.storyboard */; };
		C470D0F71F24AE87008ADE30 /* OrderListViewController.swift in Sources */ = {isa = PBXBuildFile; fileRef = C470D0F61F24AE87008ADE30 /* OrderListViewController.swift */; };
		C4C238811F23EAE900971D15 /* AppDelegate.swift in Sources */ = {isa = PBXBuildFile; fileRef = C4C238801F23EAE900971D15 /* AppDelegate.swift */; };
		C4C238831F23EAE900971D15 /* ViewController.swift in Sources */ = {isa = PBXBuildFile; fileRef = C4C238821F23EAE900971D15 /* ViewController.swift */; };
		C4C238861F23EAE900971D15 /* Main.storyboard in Resources */ = {isa = PBXBuildFile; fileRef = C4C238841F23EAE900971D15 /* Main.storyboard */; };
		C4C238881F23EAE900971D15 /* Assets.xcassets in Resources */ = {isa = PBXBuildFile; fileRef = C4C238871F23EAE900971D15 /* Assets.xcassets */; };
		C4C2388B1F23EAE900971D15 /* LaunchScreen.storyboard in Resources */ = {isa = PBXBuildFile; fileRef = C4C238891F23EAE900971D15 /* LaunchScreen.storyboard */; };
		C4C238961F23EAE900971D15 /* WeshAdminGQLTests.swift in Sources */ = {isa = PBXBuildFile; fileRef = C4C238951F23EAE900971D15 /* WeshAdminGQLTests.swift */; };
		C4C238A11F23EAE900971D15 /* WeshAdminGQLUITests.swift in Sources */ = {isa = PBXBuildFile; fileRef = C4C238A01F23EAE900971D15 /* WeshAdminGQLUITests.swift */; };
		DF6D6642F201033EAEEC9366 /* Pods_WeshAdminGQL.framework in Frameworks */ = {isa = PBXBuildFile; fileRef = F5E5A9439723667893EBE1C9 /* Pods_WeshAdminGQL.framework */; };
/* End PBXBuildFile section */

/* Begin PBXContainerItemProxy section */
		C4C238921F23EAE900971D15 /* PBXContainerItemProxy */ = {
			isa = PBXContainerItemProxy;
			containerPortal = C4C238751F23EAE900971D15 /* Project object */;
			proxyType = 1;
			remoteGlobalIDString = C4C2387C1F23EAE900971D15;
			remoteInfo = WeshAdminGQL;
		};
		C4C2389D1F23EAE900971D15 /* PBXContainerItemProxy */ = {
			isa = PBXContainerItemProxy;
			containerPortal = C4C238751F23EAE900971D15 /* Project object */;
			proxyType = 1;
			remoteGlobalIDString = C4C2387C1F23EAE900971D15;
			remoteInfo = WeshAdminGQL;
		};
/* End PBXContainerItemProxy section */

/* Begin PBXFileReference section */
		08BE1580EEDA86A4B205A020 /* Pods-WeshAdminGQLTests.debug.xcconfig */ = {isa = PBXFileReference; includeInIndex = 1; lastKnownFileType = text.xcconfig; name = "Pods-WeshAdminGQLTests.debug.xcconfig"; path = "Pods/Target Support Files/Pods-WeshAdminGQLTests/Pods-WeshAdminGQLTests.debug.xcconfig"; sourceTree = "<group>"; };
		133AE2BD3857CAA04C9B5DD9 /* Pods-WeshAdminGQLUITests.release.xcconfig */ = {isa = PBXFileReference; includeInIndex = 1; lastKnownFileType = text.xcconfig; name = "Pods-WeshAdminGQLUITests.release.xcconfig"; path = "Pods/Target Support Files/Pods-WeshAdminGQLUITests/Pods-WeshAdminGQLUITests.release.xcconfig"; sourceTree = "<group>"; };
		36C45803ECCEF352BACD5ED3 /* Pods-WeshAdminGQLUITests.debug.xcconfig */ = {isa = PBXFileReference; includeInIndex = 1; lastKnownFileType = text.xcconfig; name = "Pods-WeshAdminGQLUITests.debug.xcconfig"; path = "Pods/Target Support Files/Pods-WeshAdminGQLUITests/Pods-WeshAdminGQLUITests.debug.xcconfig"; sourceTree = "<group>"; };
		809B089A5207460E34503A2C /* Pods-WeshAdminGQL.release.xcconfig */ = {isa = PBXFileReference; includeInIndex = 1; lastKnownFileType = text.xcconfig; name = "Pods-WeshAdminGQL.release.xcconfig"; path = "Pods/Target Support Files/Pods-WeshAdminGQL/Pods-WeshAdminGQL.release.xcconfig"; sourceTree = "<group>"; };
		BD613324F0EF95C99FCC9E1C /* Pods-WeshAdminGQL.debug.xcconfig */ = {isa = PBXFileReference; includeInIndex = 1; lastKnownFileType = text.xcconfig; name = "Pods-WeshAdminGQL.debug.xcconfig"; path = "Pods/Target Support Files/Pods-WeshAdminGQL/Pods-WeshAdminGQL.debug.xcconfig"; sourceTree = "<group>"; };
		C41777EC1F24A8B600CAA599 /* API.swift */ = {isa = PBXFileReference; fileEncoding = 4; lastKnownFileType = sourcecode.swift; path = API.swift; sourceTree = "<group>"; };
		C41777EE1F24A8BD00CAA599 /* schema.json */ = {isa = PBXFileReference; fileEncoding = 4; lastKnownFileType = text.json; path = schema.json; sourceTree = "<group>"; };
		C41777F01F24A8E400CAA599 /* OrderListViewController.graphql */ = {isa = PBXFileReference; fileEncoding = 4; lastKnownFileType = text; path = OrderListViewController.graphql; sourceTree = "<group>"; };
		C41777F41F24AC0F00CAA599 /* WelcomeScreen.storyboard */ = {isa = PBXFileReference; fileEncoding = 4; lastKnownFileType = file.storyboard; path = WelcomeScreen.storyboard; sourceTree = "<group>"; };
		C41777F81F24ACCC00CAA599 /* WelcomeScreenViewController.swift */ = {isa = PBXFileReference; fileEncoding = 4; lastKnownFileType = sourcecode.swift; path = WelcomeScreenViewController.swift; sourceTree = "<group>"; };
		C470D0F41F24AE78008ADE30 /* OrderList.storyboard */ = {isa = PBXFileReference; fileEncoding = 4; lastKnownFileType = file.storyboard; path = OrderList.storyboard; sourceTree = "<group>"; };
		C470D0F61F24AE87008ADE30 /* OrderListViewController.swift */ = {isa = PBXFileReference; fileEncoding = 4; lastKnownFileType = sourcecode.swift; path = OrderListViewController.swift; sourceTree = "<group>"; };
		C4C2387D1F23EAE900971D15 /* WeshAdminGQL.app */ = {isa = PBXFileReference; explicitFileType = wrapper.application; includeInIndex = 0; path = WeshAdminGQL.app; sourceTree = BUILT_PRODUCTS_DIR; };
		C4C238801F23EAE900971D15 /* AppDelegate.swift */ = {isa = PBXFileReference; lastKnownFileType = sourcecode.swift; path = AppDelegate.swift; sourceTree = "<group>"; };
		C4C238821F23EAE900971D15 /* ViewController.swift */ = {isa = PBXFileReference; lastKnownFileType = sourcecode.swift; path = ViewController.swift; sourceTree = "<group>"; };
		C4C238851F23EAE900971D15 /* Base */ = {isa = PBXFileReference; lastKnownFileType = file.storyboard; name = Base; path = Base.lproj/Main.storyboard; sourceTree = "<group>"; };
		C4C238871F23EAE900971D15 /* Assets.xcassets */ = {isa = PBXFileReference; lastKnownFileType = folder.assetcatalog; path = Assets.xcassets; sourceTree = "<group>"; };
		C4C2388A1F23EAE900971D15 /* Base */ = {isa = PBXFileReference; lastKnownFileType = file.storyboard; name = Base; path = Base.lproj/LaunchScreen.storyboard; sourceTree = "<group>"; };
		C4C2388C1F23EAE900971D15 /* Info.plist */ = {isa = PBXFileReference; lastKnownFileType = text.plist.xml; path = Info.plist; sourceTree = "<group>"; };
		C4C238911F23EAE900971D15 /* WeshAdminGQLTests.xctest */ = {isa = PBXFileReference; explicitFileType = wrapper.cfbundle; includeInIndex = 0; path = WeshAdminGQLTests.xctest; sourceTree = BUILT_PRODUCTS_DIR; };
		C4C238951F23EAE900971D15 /* WeshAdminGQLTests.swift */ = {isa = PBXFileReference; lastKnownFileType = sourcecode.swift; path = WeshAdminGQLTests.swift; sourceTree = "<group>"; };
		C4C238971F23EAE900971D15 /* Info.plist */ = {isa = PBXFileReference; lastKnownFileType = text.plist.xml; path = Info.plist; sourceTree = "<group>"; };
		C4C2389C1F23EAE900971D15 /* WeshAdminGQLUITests.xctest */ = {isa = PBXFileReference; explicitFileType = wrapper.cfbundle; includeInIndex = 0; path = WeshAdminGQLUITests.xctest; sourceTree = BUILT_PRODUCTS_DIR; };
		C4C238A01F23EAE900971D15 /* WeshAdminGQLUITests.swift */ = {isa = PBXFileReference; lastKnownFileType = sourcecode.swift; path = WeshAdminGQLUITests.swift; sourceTree = "<group>"; };
		C4C238A21F23EAE900971D15 /* Info.plist */ = {isa = PBXFileReference; lastKnownFileType = text.plist.xml; path = Info.plist; sourceTree = "<group>"; };
		C72F5F503D28B8E67867B098 /* Pods_WeshAdminGQLUITests.framework */ = {isa = PBXFileReference; explicitFileType = wrapper.framework; includeInIndex = 0; path = Pods_WeshAdminGQLUITests.framework; sourceTree = BUILT_PRODUCTS_DIR; };
		D3B4B30B219A51B9EB7EC451 /* Pods_WeshAdminGQLTests.framework */ = {isa = PBXFileReference; explicitFileType = wrapper.framework; includeInIndex = 0; path = Pods_WeshAdminGQLTests.framework; sourceTree = BUILT_PRODUCTS_DIR; };
		D73F816DA1B0F2F68C100EF4 /* Pods-WeshAdminGQLTests.release.xcconfig */ = {isa = PBXFileReference; includeInIndex = 1; lastKnownFileType = text.xcconfig; name = "Pods-WeshAdminGQLTests.release.xcconfig"; path = "Pods/Target Support Files/Pods-WeshAdminGQLTests/Pods-WeshAdminGQLTests.release.xcconfig"; sourceTree = "<group>"; };
		F5E5A9439723667893EBE1C9 /* Pods_WeshAdminGQL.framework */ = {isa = PBXFileReference; explicitFileType = wrapper.framework; includeInIndex = 0; path = Pods_WeshAdminGQL.framework; sourceTree = BUILT_PRODUCTS_DIR; };
/* End PBXFileReference section */

/* Begin PBXFrameworksBuildPhase section */
		C4C2387A1F23EAE900971D15 /* Frameworks */ = {
			isa = PBXFrameworksBuildPhase;
			buildActionMask = 2147483647;
			files = (
				DF6D6642F201033EAEEC9366 /* Pods_WeshAdminGQL.framework in Frameworks */,
			);
			runOnlyForDeploymentPostprocessing = 0;
		};
		C4C2388E1F23EAE900971D15 /* Frameworks */ = {
			isa = PBXFrameworksBuildPhase;
			buildActionMask = 2147483647;
			files = (
				8D863A3429C0ADE4C9DB8599 /* Pods_WeshAdminGQLTests.framework in Frameworks */,
			);
			runOnlyForDeploymentPostprocessing = 0;
		};
		C4C238991F23EAE900971D15 /* Frameworks */ = {
			isa = PBXFrameworksBuildPhase;
			buildActionMask = 2147483647;
			files = (
				68E8ECE1F2CAC9994651E27C /* Pods_WeshAdminGQLUITests.framework in Frameworks */,
			);
			runOnlyForDeploymentPostprocessing = 0;
		};
/* End PBXFrameworksBuildPhase section */

/* Begin PBXGroup section */
		11AC0129610AF85DF27261A5 /* Pods */ = {
			isa = PBXGroup;
			children = (
				BD613324F0EF95C99FCC9E1C /* Pods-WeshAdminGQL.debug.xcconfig */,
				809B089A5207460E34503A2C /* Pods-WeshAdminGQL.release.xcconfig */,
				08BE1580EEDA86A4B205A020 /* Pods-WeshAdminGQLTests.debug.xcconfig */,
				D73F816DA1B0F2F68C100EF4 /* Pods-WeshAdminGQLTests.release.xcconfig */,
				36C45803ECCEF352BACD5ED3 /* Pods-WeshAdminGQLUITests.debug.xcconfig */,
				133AE2BD3857CAA04C9B5DD9 /* Pods-WeshAdminGQLUITests.release.xcconfig */,
			);
			name = Pods;
			sourceTree = "<group>";
		};
		AB87DEC42F05A1FB995F8480 /* Frameworks */ = {
			isa = PBXGroup;
			children = (
				F5E5A9439723667893EBE1C9 /* Pods_WeshAdminGQL.framework */,
				D3B4B30B219A51B9EB7EC451 /* Pods_WeshAdminGQLTests.framework */,
				C72F5F503D28B8E67867B098 /* Pods_WeshAdminGQLUITests.framework */,
			);
			name = Frameworks;
			sourceTree = "<group>";
		};
		C41777EB1F24A85800CAA599 /* GraphQL */ = {
			isa = PBXGroup;
			children = (
				C41777EC1F24A8B600CAA599 /* API.swift */,
				C41777F01F24A8E400CAA599 /* OrderListViewController.graphql */,
			);
			name = GraphQL;
			sourceTree = "<group>";
		};
		C41777F21F24ABE800CAA599 /* Components */ = {
			isa = PBXGroup;
			children = (
				C470D0F31F24AE65008ADE30 /* Order List */,
				C41777F31F24ABF700CAA599 /* Welcome Screen */,
			);
			name = Components;
			sourceTree = "<group>";
		};
		C41777F31F24ABF700CAA599 /* Welcome Screen */ = {
			isa = PBXGroup;
			children = (
				C41777F41F24AC0F00CAA599 /* WelcomeScreen.storyboard */,
				C41777F81F24ACCC00CAA599 /* WelcomeScreenViewController.swift */,
			);
			name = "Welcome Screen";
			sourceTree = "<group>";
		};
		C470D0F31F24AE65008ADE30 /* Order List */ = {
			isa = PBXGroup;
			children = (
				C470D0F41F24AE78008ADE30 /* OrderList.storyboard */,
				C470D0F61F24AE87008ADE30 /* OrderListViewController.swift */,
			);
			name = "Order List";
			sourceTree = "<group>";
		};
		C4C238741F23EAE900971D15 = {
			isa = PBXGroup;
			children = (
				C4C2387F1F23EAE900971D15 /* WeshAdminGQL */,
				C4C238941F23EAE900971D15 /* WeshAdminGQLTests */,
				C4C2389F1F23EAE900971D15 /* WeshAdminGQLUITests */,
				C4C2387E1F23EAE900971D15 /* Products */,
				11AC0129610AF85DF27261A5 /* Pods */,
				AB87DEC42F05A1FB995F8480 /* Frameworks */,
			);
			sourceTree = "<group>";
		};
		C4C2387E1F23EAE900971D15 /* Products */ = {
			isa = PBXGroup;
			children = (
				C4C2387D1F23EAE900971D15 /* WeshAdminGQL.app */,
				C4C238911F23EAE900971D15 /* WeshAdminGQLTests.xctest */,
				C4C2389C1F23EAE900971D15 /* WeshAdminGQLUITests.xctest */,
			);
			name = Products;
			sourceTree = "<group>";
		};
		C4C2387F1F23EAE900971D15 /* WeshAdminGQL */ = {
			isa = PBXGroup;
			children = (
				C41777F21F24ABE800CAA599 /* Components */,
				C41777EB1F24A85800CAA599 /* GraphQL */,
				C4C238801F23EAE900971D15 /* AppDelegate.swift */,
				C4C238821F23EAE900971D15 /* ViewController.swift */,
				C4C238841F23EAE900971D15 /* Main.storyboard */,
				C4C238871F23EAE900971D15 /* Assets.xcassets */,
				C4C238891F23EAE900971D15 /* LaunchScreen.storyboard */,
				C41777EE1F24A8BD00CAA599 /* schema.json */,
				C4C2388C1F23EAE900971D15 /* Info.plist */,
			);
			path = WeshAdminGQL;
			sourceTree = "<group>";
		};
		C4C238941F23EAE900971D15 /* WeshAdminGQLTests */ = {
			isa = PBXGroup;
			children = (
				C4C238951F23EAE900971D15 /* WeshAdminGQLTests.swift */,
				C4C238971F23EAE900971D15 /* Info.plist */,
			);
			path = WeshAdminGQLTests;
			sourceTree = "<group>";
		};
		C4C2389F1F23EAE900971D15 /* WeshAdminGQLUITests */ = {
			isa = PBXGroup;
			children = (
				C4C238A01F23EAE900971D15 /* WeshAdminGQLUITests.swift */,
				C4C238A21F23EAE900971D15 /* Info.plist */,
			);
			path = WeshAdminGQLUITests;
			sourceTree = "<group>";
		};
/* End PBXGroup section */

/* Begin PBXNativeTarget section */
		C4C2387C1F23EAE900971D15 /* WeshAdminGQL */ = {
			isa = PBXNativeTarget;
			buildConfigurationList = C4C238A51F23EAE900971D15 /* Build configuration list for PBXNativeTarget "WeshAdminGQL" */;
			buildPhases = (
				44B42AD4F2E85405EA89C57B /* [CP] Check Pods Manifest.lock */,
				C4C238AE1F24A74C00971D15 /* QraphQL */,
				C4C238791F23EAE900971D15 /* Sources */,
				C4C2387A1F23EAE900971D15 /* Frameworks */,
				C4C2387B1F23EAE900971D15 /* Resources */,
				19C27CD20542553ADA522906 /* [CP] Embed Pods Frameworks */,
				A2B46C967C91A06706DC64BD /* [CP] Copy Pods Resources */,
			);
			buildRules = (
			);
			dependencies = (
			);
			name = WeshAdminGQL;
			productName = WeshAdminGQL;
			productReference = C4C2387D1F23EAE900971D15 /* WeshAdminGQL.app */;
			productType = "com.apple.product-type.application";
		};
		C4C238901F23EAE900971D15 /* WeshAdminGQLTests */ = {
			isa = PBXNativeTarget;
			buildConfigurationList = C4C238A81F23EAE900971D15 /* Build configuration list for PBXNativeTarget "WeshAdminGQLTests" */;
			buildPhases = (
				3FF7CAD09EA7DF68DB8FC076 /* [CP] Check Pods Manifest.lock */,
				C4C2388D1F23EAE900971D15 /* Sources */,
				C4C2388E1F23EAE900971D15 /* Frameworks */,
				C4C2388F1F23EAE900971D15 /* Resources */,
				132E3831B8E479C686C8BAE1 /* [CP] Embed Pods Frameworks */,
				8419194B68915E48D5DC8281 /* [CP] Copy Pods Resources */,
			);
			buildRules = (
			);
			dependencies = (
				C4C238931F23EAE900971D15 /* PBXTargetDependency */,
			);
			name = WeshAdminGQLTests;
			productName = WeshAdminGQLTests;
			productReference = C4C238911F23EAE900971D15 /* WeshAdminGQLTests.xctest */;
			productType = "com.apple.product-type.bundle.unit-test";
		};
		C4C2389B1F23EAE900971D15 /* WeshAdminGQLUITests */ = {
			isa = PBXNativeTarget;
			buildConfigurationList = C4C238AB1F23EAE900971D15 /* Build configuration list for PBXNativeTarget "WeshAdminGQLUITests" */;
			buildPhases = (
				86D1E4B1C87D8C9D8E26430E /* [CP] Check Pods Manifest.lock */,
				C4C238981F23EAE900971D15 /* Sources */,
				C4C238991F23EAE900971D15 /* Frameworks */,
				C4C2389A1F23EAE900971D15 /* Resources */,
				5841E05A39C2A4EFD3567E00 /* [CP] Embed Pods Frameworks */,
				D7D5FF8C2DF30C6A59855773 /* [CP] Copy Pods Resources */,
			);
			buildRules = (
			);
			dependencies = (
				C4C2389E1F23EAE900971D15 /* PBXTargetDependency */,
			);
			name = WeshAdminGQLUITests;
			productName = WeshAdminGQLUITests;
			productReference = C4C2389C1F23EAE900971D15 /* WeshAdminGQLUITests.xctest */;
			productType = "com.apple.product-type.bundle.ui-testing";
		};
/* End PBXNativeTarget section */

/* Begin PBXProject section */
		C4C238751F23EAE900971D15 /* Project object */ = {
			isa = PBXProject;
			attributes = {
				LastSwiftUpdateCheck = 0830;
				LastUpgradeCheck = 0830;
				ORGANIZATIONNAME = "Dino Pelic";
				TargetAttributes = {
					C4C2387C1F23EAE900971D15 = {
						CreatedOnToolsVersion = 8.3.3;
						ProvisioningStyle = Automatic;
					};
					C4C238901F23EAE900971D15 = {
						CreatedOnToolsVersion = 8.3.3;
						ProvisioningStyle = Automatic;
						TestTargetID = C4C2387C1F23EAE900971D15;
					};
					C4C2389B1F23EAE900971D15 = {
						CreatedOnToolsVersion = 8.3.3;
						ProvisioningStyle = Automatic;
						TestTargetID = C4C2387C1F23EAE900971D15;
					};
				};
			};
			buildConfigurationList = C4C238781F23EAE900971D15 /* Build configuration list for PBXProject "WeshAdminGQL" */;
			compatibilityVersion = "Xcode 3.2";
			developmentRegion = English;
			hasScannedForEncodings = 0;
			knownRegions = (
				en,
				Base,
			);
			mainGroup = C4C238741F23EAE900971D15;
			productRefGroup = C4C2387E1F23EAE900971D15 /* Products */;
			projectDirPath = "";
			projectRoot = "";
			targets = (
				C4C2387C1F23EAE900971D15 /* WeshAdminGQL */,
				C4C238901F23EAE900971D15 /* WeshAdminGQLTests */,
				C4C2389B1F23EAE900971D15 /* WeshAdminGQLUITests */,
			);
		};
/* End PBXProject section */

/* Begin PBXResourcesBuildPhase section */
		C4C2387B1F23EAE900971D15 /* Resources */ = {
			isa = PBXResourcesBuildPhase;
			buildActionMask = 2147483647;
			files = (
				C41777EF1F24A8BD00CAA599 /* schema.json in Resources */,
				C41777F51F24AC0F00CAA599 /* WelcomeScreen.storyboard in Resources */,
				C470D0F51F24AE78008ADE30 /* OrderList.storyboard in Resources */,
				C4C2388B1F23EAE900971D15 /* LaunchScreen.storyboard in Resources */,
				C4C238881F23EAE900971D15 /* Assets.xcassets in Resources */,
				C41777F11F24A8E400CAA599 /* OrderListViewController.graphql in Resources */,
				C4C238861F23EAE900971D15 /* Main.storyboard in Resources */,
			);
			runOnlyForDeploymentPostprocessing = 0;
		};
		C4C2388F1F23EAE900971D15 /* Resources */ = {
			isa = PBXResourcesBuildPhase;
			buildActionMask = 2147483647;
			files = (
			);
			runOnlyForDeploymentPostprocessing = 0;
		};
		C4C2389A1F23EAE900971D15 /* Resources */ = {
			isa = PBXResourcesBuildPhase;
			buildActionMask = 2147483647;
			files = (
			);
			runOnlyForDeploymentPostprocessing = 0;
		};
/* End PBXResourcesBuildPhase section */

/* Begin PBXShellScriptBuildPhase section */
		132E3831B8E479C686C8BAE1 /* [CP] Embed Pods Frameworks */ = {
			isa = PBXShellScriptBuildPhase;
			buildActionMask = 2147483647;
			files = (
			);
			inputPaths = (
			);
			name = "[CP] Embed Pods Frameworks";
			outputPaths = (
			);
			runOnlyForDeploymentPostprocessing = 0;
			shellPath = /bin/sh;
			shellScript = "\"${SRCROOT}/Pods/Target Support Files/Pods-WeshAdminGQLTests/Pods-WeshAdminGQLTests-frameworks.sh\"\n";
			showEnvVarsInLog = 0;
		};
		19C27CD20542553ADA522906 /* [CP] Embed Pods Frameworks */ = {
			isa = PBXShellScriptBuildPhase;
			buildActionMask = 2147483647;
			files = (
			);
			inputPaths = (
			);
			name = "[CP] Embed Pods Frameworks";
			outputPaths = (
			);
			runOnlyForDeploymentPostprocessing = 0;
			shellPath = /bin/sh;
			shellScript = "\"${SRCROOT}/Pods/Target Support Files/Pods-WeshAdminGQL/Pods-WeshAdminGQL-frameworks.sh\"\n";
			showEnvVarsInLog = 0;
		};
		3FF7CAD09EA7DF68DB8FC076 /* [CP] Check Pods Manifest.lock */ = {
			isa = PBXShellScriptBuildPhase;
			buildActionMask = 2147483647;
			files = (
			);
			inputPaths = (
			);
			name = "[CP] Check Pods Manifest.lock";
			outputPaths = (
			);
			runOnlyForDeploymentPostprocessing = 0;
			shellPath = /bin/sh;
			shellScript = "diff \"${PODS_PODFILE_DIR_PATH}/Podfile.lock\" \"${PODS_ROOT}/Manifest.lock\" > /dev/null\nif [ $? != 0 ] ; then\n    # print error to STDERR\n    echo \"error: The sandbox is not in sync with the Podfile.lock. Run 'pod install' or update your CocoaPods installation.\" >&2\n    exit 1\nfi\n";
			showEnvVarsInLog = 0;
		};
		44B42AD4F2E85405EA89C57B /* [CP] Check Pods Manifest.lock */ = {
			isa = PBXShellScriptBuildPhase;
			buildActionMask = 2147483647;
			files = (
			);
			inputPaths = (
			);
			name = "[CP] Check Pods Manifest.lock";
			outputPaths = (
			);
			runOnlyForDeploymentPostprocessing = 0;
			shellPath = /bin/sh;
			shellScript = "diff \"${PODS_PODFILE_DIR_PATH}/Podfile.lock\" \"${PODS_ROOT}/Manifest.lock\" > /dev/null\nif [ $? != 0 ] ; then\n    # print error to STDERR\n    echo \"error: The sandbox is not in sync with the Podfile.lock. Run 'pod install' or update your CocoaPods installation.\" >&2\n    exit 1\nfi\n";
			showEnvVarsInLog = 0;
		};
		5841E05A39C2A4EFD3567E00 /* [CP] Embed Pods Frameworks */ = {
			isa = PBXShellScriptBuildPhase;
			buildActionMask = 2147483647;
			files = (
			);
			inputPaths = (
			);
			name = "[CP] Embed Pods Frameworks";
			outputPaths = (
			);
			runOnlyForDeploymentPostprocessing = 0;
			shellPath = /bin/sh;
			shellScript = "\"${SRCROOT}/Pods/Target Support Files/Pods-WeshAdminGQLUITests/Pods-WeshAdminGQLUITests-frameworks.sh\"\n";
			showEnvVarsInLog = 0;
		};
		8419194B68915E48D5DC8281 /* [CP] Copy Pods Resources */ = {
			isa = PBXShellScriptBuildPhase;
			buildActionMask = 2147483647;
			files = (
			);
			inputPaths = (
			);
			name = "[CP] Copy Pods Resources";
			outputPaths = (
			);
			runOnlyForDeploymentPostprocessing = 0;
			shellPath = /bin/sh;
			shellScript = "\"${SRCROOT}/Pods/Target Support Files/Pods-WeshAdminGQLTests/Pods-WeshAdminGQLTests-resources.sh\"\n";
			showEnvVarsInLog = 0;
		};
		86D1E4B1C87D8C9D8E26430E /* [CP] Check Pods Manifest.lock */ = {
			isa = PBXShellScriptBuildPhase;
			buildActionMask = 2147483647;
			files = (
			);
			inputPaths = (
			);
			name = "[CP] Check Pods Manifest.lock";
			outputPaths = (
			);
			runOnlyForDeploymentPostprocessing = 0;
			shellPath = /bin/sh;
			shellScript = "diff \"${PODS_PODFILE_DIR_PATH}/Podfile.lock\" \"${PODS_ROOT}/Manifest.lock\" > /dev/null\nif [ $? != 0 ] ; then\n    # print error to STDERR\n    echo \"error: The sandbox is not in sync with the Podfile.lock. Run 'pod install' or update your CocoaPods installation.\" >&2\n    exit 1\nfi\n";
			showEnvVarsInLog = 0;
		};
		A2B46C967C91A06706DC64BD /* [CP] Copy Pods Resources */ = {
			isa = PBXShellScriptBuildPhase;
			buildActionMask = 2147483647;
			files = (
			);
			inputPaths = (
			);
			name = "[CP] Copy Pods Resources";
			outputPaths = (
			);
			runOnlyForDeploymentPostprocessing = 0;
			shellPath = /bin/sh;
			shellScript = "\"${SRCROOT}/Pods/Target Support Files/Pods-WeshAdminGQL/Pods-WeshAdminGQL-resources.sh\"\n";
			showEnvVarsInLog = 0;
		};
		C4C238AE1F24A74C00971D15 /* QraphQL */ = {
			isa = PBXShellScriptBuildPhase;
			buildActionMask = 2147483647;
			files = (
			);
			inputPaths = (
			);
			name = QraphQL;
			outputPaths = (
			);
			runOnlyForDeploymentPostprocessing = 0;
			shellPath = /bin/sh;
			shellScript = "APOLLO_FRAMEWORK_PATH=\"$(eval find $FRAMEWORK_SEARCH_PATHS -name \"Apollo.framework\" -maxdepth 1)\"\n\nif [ -z \"$APOLLO_FRAMEWORK_PATH\" ]; then\necho \"error: Couldn't find Apollo.framework in FRAMEWORK_SEARCH_PATHS; make sure to add the framework to your project.\"\nexit 1\nfi\n\ncd \"${SRCROOT}/${TARGET_NAME}\"\n$APOLLO_FRAMEWORK_PATH/check-and-run-apollo-codegen.sh generate $(find . -name '*.graphql') --schema schema.json --output API.swift\n";
		};
		D7D5FF8C2DF30C6A59855773 /* [CP] Copy Pods Resources */ = {
			isa = PBXShellScriptBuildPhase;
			buildActionMask = 2147483647;
			files = (
			);
			inputPaths = (
			);
			name = "[CP] Copy Pods Resources";
			outputPaths = (
			);
			runOnlyForDeploymentPostprocessing = 0;
			shellPath = /bin/sh;
			shellScript = "\"${SRCROOT}/Pods/Target Support Files/Pods-WeshAdminGQLUITests/Pods-WeshAdminGQLUITests-resources.sh\"\n";
			showEnvVarsInLog = 0;
		};
/* End PBXShellScriptBuildPhase section */

/* Begin PBXSourcesBuildPhase section */
		C4C238791F23EAE900971D15 /* Sources */ = {
			isa = PBXSourcesBuildPhase;
			buildActionMask = 2147483647;
			files = (
				C470D0F71F24AE87008ADE30 /* OrderListViewController.swift in Sources */,
				C4C238831F23EAE900971D15 /* ViewController.swift in Sources */,
				C41777F91F24ACCC00CAA599 /* WelcomeScreenViewController.swift in Sources */,
				C41777ED1F24A8B600CAA599 /* API.swift in Sources */,
				C4C238811F23EAE900971D15 /* AppDelegate.swift in Sources */,
			);
			runOnlyForDeploymentPostprocessing = 0;
		};
		C4C2388D1F23EAE900971D15 /* Sources */ = {
			isa = PBXSourcesBuildPhase;
			buildActionMask = 2147483647;
			files = (
				C4C238961F23EAE900971D15 /* WeshAdminGQLTests.swift in Sources */,
			);
			runOnlyForDeploymentPostprocessing = 0;
		};
		C4C238981F23EAE900971D15 /* Sources */ = {
			isa = PBXSourcesBuildPhase;
			buildActionMask = 2147483647;
			files = (
				C4C238A11F23EAE900971D15 /* WeshAdminGQLUITests.swift in Sources */,
			);
			runOnlyForDeploymentPostprocessing = 0;
		};
/* End PBXSourcesBuildPhase section */

/* Begin PBXTargetDependency section */
		C4C238931F23EAE900971D15 /* PBXTargetDependency */ = {
			isa = PBXTargetDependency;
			target = C4C2387C1F23EAE900971D15 /* WeshAdminGQL */;
			targetProxy = C4C238921F23EAE900971D15 /* PBXContainerItemProxy */;
		};
		C4C2389E1F23EAE900971D15 /* PBXTargetDependency */ = {
			isa = PBXTargetDependency;
			target = C4C2387C1F23EAE900971D15 /* WeshAdminGQL */;
			targetProxy = C4C2389D1F23EAE900971D15 /* PBXContainerItemProxy */;
		};
/* End PBXTargetDependency section */

/* Begin PBXVariantGroup section */
		C4C238841F23EAE900971D15 /* Main.storyboard */ = {
			isa = PBXVariantGroup;
			children = (
				C4C238851F23EAE900971D15 /* Base */,
			);
			name = Main.storyboard;
			sourceTree = "<group>";
		};
		C4C238891F23EAE900971D15 /* LaunchScreen.storyboard */ = {
			isa = PBXVariantGroup;
			children = (
				C4C2388A1F23EAE900971D15 /* Base */,
			);
			name = LaunchScreen.storyboard;
			sourceTree = "<group>";
		};
/* End PBXVariantGroup section */

/* Begin XCBuildConfiguration section */
		C4C238A31F23EAE900971D15 /* Debug */ = {
			isa = XCBuildConfiguration;
			buildSettings = {
				ALWAYS_SEARCH_USER_PATHS = NO;
				CLANG_ANALYZER_NONNULL = YES;
				CLANG_ANALYZER_NUMBER_OBJECT_CONVERSION = YES_AGGRESSIVE;
				CLANG_CXX_LANGUAGE_STANDARD = "gnu++0x";
				CLANG_CXX_LIBRARY = "libc++";
				CLANG_ENABLE_MODULES = YES;
				CLANG_ENABLE_OBJC_ARC = YES;
				CLANG_WARN_BOOL_CONVERSION = YES;
				CLANG_WARN_CONSTANT_CONVERSION = YES;
				CLANG_WARN_DIRECT_OBJC_ISA_USAGE = YES_ERROR;
				CLANG_WARN_DOCUMENTATION_COMMENTS = YES;
				CLANG_WARN_EMPTY_BODY = YES;
				CLANG_WARN_ENUM_CONVERSION = YES;
				CLANG_WARN_INFINITE_RECURSION = YES;
				CLANG_WARN_INT_CONVERSION = YES;
				CLANG_WARN_OBJC_ROOT_CLASS = YES_ERROR;
				CLANG_WARN_SUSPICIOUS_MOVE = YES;
				CLANG_WARN_UNREACHABLE_CODE = YES;
				CLANG_WARN__DUPLICATE_METHOD_MATCH = YES;
				"CODE_SIGN_IDENTITY[sdk=iphoneos*]" = "iPhone Developer";
				COPY_PHASE_STRIP = NO;
				DEBUG_INFORMATION_FORMAT = dwarf;
				ENABLE_STRICT_OBJC_MSGSEND = YES;
				ENABLE_TESTABILITY = YES;
				GCC_C_LANGUAGE_STANDARD = gnu99;
				GCC_DYNAMIC_NO_PIC = NO;
				GCC_NO_COMMON_BLOCKS = YES;
				GCC_OPTIMIZATION_LEVEL = 0;
				GCC_PREPROCESSOR_DEFINITIONS = (
					"DEBUG=1",
					"$(inherited)",
				);
				GCC_WARN_64_TO_32_BIT_CONVERSION = YES;
				GCC_WARN_ABOUT_RETURN_TYPE = YES_ERROR;
				GCC_WARN_UNDECLARED_SELECTOR = YES;
				GCC_WARN_UNINITIALIZED_AUTOS = YES_AGGRESSIVE;
				GCC_WARN_UNUSED_FUNCTION = YES;
				GCC_WARN_UNUSED_VARIABLE = YES;
				IPHONEOS_DEPLOYMENT_TARGET = 10.3;
				MTL_ENABLE_DEBUG_INFO = YES;
				ONLY_ACTIVE_ARCH = YES;
				SDKROOT = iphoneos;
				SWIFT_ACTIVE_COMPILATION_CONDITIONS = DEBUG;
				SWIFT_OPTIMIZATION_LEVEL = "-Onone";
				TARGETED_DEVICE_FAMILY = "1,2";
			};
			name = Debug;
		};
		C4C238A41F23EAE900971D15 /* Release */ = {
			isa = XCBuildConfiguration;
			buildSettings = {
				ALWAYS_SEARCH_USER_PATHS = NO;
				CLANG_ANALYZER_NONNULL = YES;
				CLANG_ANALYZER_NUMBER_OBJECT_CONVERSION = YES_AGGRESSIVE;
				CLANG_CXX_LANGUAGE_STANDARD = "gnu++0x";
				CLANG_CXX_LIBRARY = "libc++";
				CLANG_ENABLE_MODULES = YES;
				CLANG_ENABLE_OBJC_ARC = YES;
				CLANG_WARN_BOOL_CONVERSION = YES;
				CLANG_WARN_CONSTANT_CONVERSION = YES;
				CLANG_WARN_DIRECT_OBJC_ISA_USAGE = YES_ERROR;
				CLANG_WARN_DOCUMENTATION_COMMENTS = YES;
				CLANG_WARN_EMPTY_BODY = YES;
				CLANG_WARN_ENUM_CONVERSION = YES;
				CLANG_WARN_INFINITE_RECURSION = YES;
				CLANG_WARN_INT_CONVERSION = YES;
				CLANG_WARN_OBJC_ROOT_CLASS = YES_ERROR;
				CLANG_WARN_SUSPICIOUS_MOVE = YES;
				CLANG_WARN_UNREACHABLE_CODE = YES;
				CLANG_WARN__DUPLICATE_METHOD_MATCH = YES;
				"CODE_SIGN_IDENTITY[sdk=iphoneos*]" = "iPhone Developer";
				COPY_PHASE_STRIP = NO;
				DEBUG_INFORMATION_FORMAT = "dwarf-with-dsym";
				ENABLE_NS_ASSERTIONS = NO;
				ENABLE_STRICT_OBJC_MSGSEND = YES;
				GCC_C_LANGUAGE_STANDARD = gnu99;
				GCC_NO_COMMON_BLOCKS = YES;
				GCC_WARN_64_TO_32_BIT_CONVERSION = YES;
				GCC_WARN_ABOUT_RETURN_TYPE = YES_ERROR;
				GCC_WARN_UNDECLARED_SELECTOR = YES;
				GCC_WARN_UNINITIALIZED_AUTOS = YES_AGGRESSIVE;
				GCC_WARN_UNUSED_FUNCTION = YES;
				GCC_WARN_UNUSED_VARIABLE = YES;
				IPHONEOS_DEPLOYMENT_TARGET = 10.3;
				MTL_ENABLE_DEBUG_INFO = NO;
				SDKROOT = iphoneos;
				SWIFT_OPTIMIZATION_LEVEL = "-Owholemodule";
				TARGETED_DEVICE_FAMILY = "1,2";
				VALIDATE_PRODUCT = YES;
			};
			name = Release;
		};
		C4C238A61F23EAE900971D15 /* Debug */ = {
			isa = XCBuildConfiguration;
			baseConfigurationReference = BD613324F0EF95C99FCC9E1C /* Pods-WeshAdminGQL.debug.xcconfig */;
			buildSettings = {
				ASSETCATALOG_COMPILER_APPICON_NAME = AppIcon;
				INFOPLIST_FILE = WeshAdminGQL/Info.plist;
				LD_RUNPATH_SEARCH_PATHS = "$(inherited) @executable_path/Frameworks";
				PRODUCT_BUNDLE_IDENTIFIER = com.dino.WeshAdminGQL;
				PRODUCT_NAME = "$(TARGET_NAME)";
				SWIFT_VERSION = 3.0;
			};
			name = Debug;
		};
		C4C238A71F23EAE900971D15 /* Release */ = {
			isa = XCBuildConfiguration;
			baseConfigurationReference = 809B089A5207460E34503A2C /* Pods-WeshAdminGQL.release.xcconfig */;
			buildSettings = {
				ASSETCATALOG_COMPILER_APPICON_NAME = AppIcon;
				INFOPLIST_FILE = WeshAdminGQL/Info.plist;
				LD_RUNPATH_SEARCH_PATHS = "$(inherited) @executable_path/Frameworks";
				PRODUCT_BUNDLE_IDENTIFIER = com.dino.WeshAdminGQL;
				PRODUCT_NAME = "$(TARGET_NAME)";
				SWIFT_VERSION = 3.0;
			};
			name = Release;
		};
		C4C238A91F23EAE900971D15 /* Debug */ = {
			isa = XCBuildConfiguration;
			baseConfigurationReference = 08BE1580EEDA86A4B205A020 /* Pods-WeshAdminGQLTests.debug.xcconfig */;
			buildSettings = {
				ALWAYS_EMBED_SWIFT_STANDARD_LIBRARIES = YES;
				BUNDLE_LOADER = "$(TEST_HOST)";
				INFOPLIST_FILE = WeshAdminGQLTests/Info.plist;
				LD_RUNPATH_SEARCH_PATHS = "$(inherited) @executable_path/Frameworks @loader_path/Frameworks";
				PRODUCT_BUNDLE_IDENTIFIER = com.dino.WeshAdminGQLTests;
				PRODUCT_NAME = "$(TARGET_NAME)";
				SWIFT_VERSION = 3.0;
				TEST_HOST = "$(BUILT_PRODUCTS_DIR)/WeshAdminGQL.app/WeshAdminGQL";
			};
			name = Debug;
		};
		C4C238AA1F23EAE900971D15 /* Release */ = {
			isa = XCBuildConfiguration;
			baseConfigurationReference = D73F816DA1B0F2F68C100EF4 /* Pods-WeshAdminGQLTests.release.xcconfig */;
			buildSettings = {
				ALWAYS_EMBED_SWIFT_STANDARD_LIBRARIES = YES;
				BUNDLE_LOADER = "$(TEST_HOST)";
				INFOPLIST_FILE = WeshAdminGQLTests/Info.plist;
				LD_RUNPATH_SEARCH_PATHS = "$(inherited) @executable_path/Frameworks @loader_path/Frameworks";
				PRODUCT_BUNDLE_IDENTIFIER = com.dino.WeshAdminGQLTests;
				PRODUCT_NAME = "$(TARGET_NAME)";
				SWIFT_VERSION = 3.0;
				TEST_HOST = "$(BUILT_PRODUCTS_DIR)/WeshAdminGQL.app/WeshAdminGQL";
			};
			name = Release;
		};
		C4C238AC1F23EAE900971D15 /* Debug */ = {
			isa = XCBuildConfiguration;
			baseConfigurationReference = 36C45803ECCEF352BACD5ED3 /* Pods-WeshAdminGQLUITests.debug.xcconfig */;
			buildSettings = {
				ALWAYS_EMBED_SWIFT_STANDARD_LIBRARIES = YES;
				INFOPLIST_FILE = WeshAdminGQLUITests/Info.plist;
				LD_RUNPATH_SEARCH_PATHS = "$(inherited) @executable_path/Frameworks @loader_path/Frameworks";
				PRODUCT_BUNDLE_IDENTIFIER = com.dino.WeshAdminGQLUITests;
				PRODUCT_NAME = "$(TARGET_NAME)";
				SWIFT_VERSION = 3.0;
				TEST_TARGET_NAME = WeshAdminGQL;
			};
			name = Debug;
		};
		C4C238AD1F23EAE900971D15 /* Release */ = {
			isa = XCBuildConfiguration;
			baseConfigurationReference = 133AE2BD3857CAA04C9B5DD9 /* Pods-WeshAdminGQLUITests.release.xcconfig */;
			buildSettings = {
				ALWAYS_EMBED_SWIFT_STANDARD_LIBRARIES = YES;
				INFOPLIST_FILE = WeshAdminGQLUITests/Info.plist;
				LD_RUNPATH_SEARCH_PATHS = "$(inherited) @executable_path/Frameworks @loader_path/Frameworks";
				PRODUCT_BUNDLE_IDENTIFIER = com.dino.WeshAdminGQLUITests;
				PRODUCT_NAME = "$(TARGET_NAME)";
				SWIFT_VERSION = 3.0;
				TEST_TARGET_NAME = WeshAdminGQL;
			};
			name = Release;
		};
/* End XCBuildConfiguration section */

/* Begin XCConfigurationList section */
		C4C238781F23EAE900971D15 /* Build configuration list for PBXProject "WeshAdminGQL" */ = {
			isa = XCConfigurationList;
			buildConfigurations = (
				C4C238A31F23EAE900971D15 /* Debug */,
				C4C238A41F23EAE900971D15 /* Release */,
			);
			defaultConfigurationIsVisible = 0;
			defaultConfigurationName = Release;
		};
		C4C238A51F23EAE900971D15 /* Build configuration list for PBXNativeTarget "WeshAdminGQL" */ = {
			isa = XCConfigurationList;
			buildConfigurations = (
				C4C238A61F23EAE900971D15 /* Debug */,
				C4C238A71F23EAE900971D15 /* Release */,
			);
			defaultConfigurationIsVisible = 0;
			defaultConfigurationName = Release;
		};
		C4C238A81F23EAE900971D15 /* Build configuration list for PBXNativeTarget "WeshAdminGQLTests" */ = {
			isa = XCConfigurationList;
			buildConfigurations = (
				C4C238A91F23EAE900971D15 /* Debug */,
				C4C238AA1F23EAE900971D15 /* Release */,
			);
			defaultConfigurationIsVisible = 0;
			defaultConfigurationName = Release;
		};
		C4C238AB1F23EAE900971D15 /* Build configuration list for PBXNativeTarget "WeshAdminGQLUITests" */ = {
			isa = XCConfigurationList;
			buildConfigurations = (
				C4C238AC1F23EAE900971D15 /* Debug */,
				C4C238AD1F23EAE900971D15 /* Release */,
			);
			defaultConfigurationIsVisible = 0;
			defaultConfigurationName = Release;
		};
/* End XCConfigurationList section */
	};
	rootObject = C4C238751F23EAE900971D15 /* Project object */;
}
